{
  "name": "hlxtest",
  "version": "1.0.0",
  "lockfileVersion": 1,
  "requires": true,
  "dependencies": {
    "@adobecom/blocks": {
      "version": "1.0.0",
      "resolved": "https://registry.npmjs.org/@adobecom/blocks/-/blocks-1.0.0.tgz",
      "integrity": "sha512-lcpNtXI6bXJVzM2YytCVApE6/dIB+ibwpEv4Tz1lkVTOoDNHQl8UVtdK+10ZU+YufD6HaIlu6EGUSVEC1s92vA=="
    }
  }
}
